<Solution>
    <Folder Name="/NeoVeldrid/">
        <Project Path="NeoVeldrid/NeoVeldrid.csproj" />
    </Folder>
    <Folder Name="/NeoVeldrid.RenderDoc/">
        <Project Path="NeoVeldrid.RenderDoc/NeoVeldrid.RenderDoc.csproj" />
    </Folder>
    <Folder Name="/Tests/">
        <Project Path="Tests/NeoVeldrid.Tests.csproj" />
    </Folder>
    <Folder Name="/Samples/">
        <Project Path="Samples/HelloTriangle/HelloTriangle.csproj" />
    </Folder>
</Solution>
