<Solution>
    <Folder Name="/Veldrid/">
        <Project Path="Veldrid/Prowl.Veldrid.csproj" />
    </Folder>
    <Folder Name="/Tests/">
        <Project Path="Tests/Veldrid.Tests.csproj" />
    </Folder>
    <Folder Name="/Samples/">
        <Project Path="Samples/HelloTriangle/HelloTriangle.csproj" />
    </Folder>
</Solution>
