
Microsoft Visual Studio Solution File, Format Version 12.00
# Visual Studio Version 17
VisualStudioVersion = 17.0.31903.59
MinimumVisualStudioVersion = 10.0.40219.1
Project("{FAE04EC0-301F-11D3-BF4B-00C04F79EFBC}") = "Prowl.Graphite", "Graphite\Prowl.Graphite.csproj", "{153F8B9B-AA17-4195-92DB-27E9B7CC4CD3}"
EndProject
Project("{2150E333-8FDC-42A3-9474-1A3956D46DE8}") = "Samples", "Samples", "{7B6A57EC-FC7A-4D56-A411-4B9FE0FDF338}"
EndProject
Project("{FAE04EC0-301F-11D3-BF4B-00C04F79EFBC}") = "01_HelloTriangle", "Samples\01_HelloTriangle\01_HelloTriangle.csproj", "{A1B2C3D4-E5F6-4789-ABCD-EF0123456789}"
EndProject
Project("{FAE04EC0-301F-11D3-BF4B-00C04F79EFBC}") = "Prowl.Runtime.Test", "Tests\Prowl.Runtime.Test.csproj", "{B2C3D4E5-F6A7-4890-BCDE-F01234567890}"
EndProject
Global
	GlobalSection(SolutionConfigurationPlatforms) = preSolution
		Debug|Any CPU = Debug|Any CPU
		Release|Any CPU = Release|Any CPU
	EndGlobalSection
	GlobalSection(SolutionProperties) = preSolution
		HideSolutionNode = FALSE
	EndGlobalSection
	GlobalSection(ProjectConfigurationPlatforms) = postSolution
		{153F8B9B-AA17-4195-92DB-27E9B7CC4CD3}.Debug|Any CPU.ActiveCfg = Debug|Any CPU
		{153F8B9B-AA17-4195-92DB-27E9B7CC4CD3}.Debug|Any CPU.Build.0 = Debug|Any CPU
		{153F8B9B-AA17-4195-92DB-27E9B7CC4CD3}.Release|Any CPU.ActiveCfg = Release|Any CPU
		{153F8B9B-AA17-4195-92DB-27E9B7CC4CD3}.Release|Any CPU.Build.0 = Release|Any CPU
		{A1B2C3D4-E5F6-4789-ABCD-EF0123456789}.Debug|Any CPU.ActiveCfg = Debug|Any CPU
		{A1B2C3D4-E5F6-4789-ABCD-EF0123456789}.Debug|Any CPU.Build.0 = Debug|Any CPU
		{A1B2C3D4-E5F6-4789-ABCD-EF0123456789}.Release|Any CPU.ActiveCfg = Release|Any CPU
		{A1B2C3D4-E5F6-4789-ABCD-EF0123456789}.Release|Any CPU.Build.0 = Release|Any CPU
		{B2C3D4E5-F6A7-4890-BCDE-F01234567890}.Debug|Any CPU.ActiveCfg = Debug|Any CPU
		{B2C3D4E5-F6A7-4890-BCDE-F01234567890}.Debug|Any CPU.Build.0 = Debug|Any CPU
		{B2C3D4E5-F6A7-4890-BCDE-F01234567890}.Release|Any CPU.ActiveCfg = Release|Any CPU
		{B2C3D4E5-F6A7-4890-BCDE-F01234567890}.Release|Any CPU.Build.0 = Release|Any CPU
	EndGlobalSection
	GlobalSection(NestedProjects) = preSolution
		{A1B2C3D4-E5F6-4789-ABCD-EF0123456789} = {7B6A57EC-FC7A-4D56-A411-4B9FE0FDF338}
	EndGlobalSection
EndGlobal
